
Microsoft Visual Studio Solution File, Format Version 12.00
# Visual Studio 15
VisualStudioVersion = 15.0.28010.2026
MinimumVisualStudioVersion = 10.0.40219.1
Project("{FAE04EC0-301F-11D3-BF4B-00C04F79EFBC}") = "AspNetCoreRestfulApi", "AspNetCoreRestfulApi\AspNetCoreRestfulApi.csproj", "{476C79C9-FFBC-4D41-B7FD-758F8B6C5720}"
EndProject
Global
	GlobalSection(SolutionConfigurationPlatforms) = preSolution
		Debug|Any CPU = Debug|Any CPU
		Release|Any CPU = Release|Any CPU
	EndGlobalSection
	GlobalSection(ProjectConfigurationPlatforms) = postSolution
		{476C79C9-FFBC-4D41-B7FD-758F8B6C5720}.Debug|Any CPU.ActiveCfg = Debug|Any CPU
		{476C79C9-FFBC-4D41-B7FD-758F8B6C5720}.Debug|Any CPU.Build.0 = Debug|Any CPU
		{476C79C9-FFBC-4D41-B7FD-758F8B6C5720}.Release|Any CPU.ActiveCfg = Release|Any CPU
		{476C79C9-FFBC-4D41-B7FD-758F8B6C5720}.Release|Any CPU.Build.0 = Release|Any CPU
	EndGlobalSection
	GlobalSection(SolutionProperties) = preSolution
		HideSolutionNode = FALSE
	EndGlobalSection
	GlobalSection(ExtensibilityGlobals) = postSolution
		SolutionGuid = {9A1974F0-83B3-431D-833F-5092FA73A1AF}
	EndGlobalSection
EndGlobal
